
Microsoft Visual Studio Solution File, Format Version 12.00
# Visual Studio Version 17
VisualStudioVersion = 17.13.35919.96 d17.13
MinimumVisualStudioVersion = 10.0.40219.1
Project("{FAE04EC0-301F-11D3-BF4B-00C04F79EFBC}") = "StarVally", "StarVally.csproj", "{96D2287E-6552-41C4-BB30-DD7B0E03F8A2}"
EndProject
Global
	GlobalSection(SolutionConfigurationPlatforms) = preSolution
		Debug|Any CPU = Debug|Any CPU
		Release|Any CPU = Release|Any CPU
	EndGlobalSection
	GlobalSection(ProjectConfigurationPlatforms) = postSolution
		{96D2287E-6552-41C4-BB30-DD7B0E03F8A2}.Debug|Any CPU.ActiveCfg = Debug|Any CPU
		{96D2287E-6552-41C4-BB30-DD7B0E03F8A2}.Debug|Any CPU.Build.0 = Debug|Any CPU
		{96D2287E-6552-41C4-BB30-DD7B0E03F8A2}.Release|Any CPU.ActiveCfg = Release|Any CPU
		{96D2287E-6552-41C4-BB30-DD7B0E03F8A2}.Release|Any CPU.Build.0 = Release|Any CPU
	EndGlobalSection
	GlobalSection(SolutionProperties) = preSolution
		HideSolutionNode = FALSE
	EndGlobalSection
	GlobalSection(ExtensibilityGlobals) = postSolution
		SolutionGuid = {E91B1043-3657-4840-A711-31278D5899E5}
	EndGlobalSection
EndGlobal
